{
    "_meta": {
        "hash": {
            "sha256": "e96c98a4a406cb43a297175656a92f6f330d619681cb531f16e43ede8570c98e"
        },
        "pipfile-spec": 6,
        "requires": {
            "python_version": "3.12"
        },
        "sources": [
            {
                "name": "pypi",
                "url": "https://pypi.org/simple",
                "verify_ssl": true
            }
        ]
    },
    "default": {
        "pymupdf": {
            "hashes": [
                "sha256:20c8eb65b855a33411246d6697a3f3166727fe2d8585753cf0db648730104be6",
                "sha256:24c35ba9e731027ff24566b90d4986e9aac75e1ce47589b25de51e3c687ddb73",
                "sha256:2efb793644df99db0fe2468149048175cf25c5803997828efc9152aca838f5f2",
                "sha256:32fd013e3c844f105c0a6a43ee82acc7cd0c900f6ff14f5eed9492840bbcbdd9",
                "sha256:6e45e57f14ac902029d4aacf07684958d0e58c769f47d9045b2048d0a3d20155",
                "sha256:6fda6c7ed7e6ad74d9cfac5c3837ef42efd58c506440e2513a0a200bc3c4dbc0",
                "sha256:745ce77532702d6ddeeecb47306d3669629aa5ff82708318cd652881f493b0ba",
                "sha256:9b7ac5b8ec3daec17f2e830962ed091610e576a5e531d2fe28c437fbd69b1969"
            ],
            "index": "pypi",
            "markers": "python_version >= '3.8'",
            "version": "==1.24.11"
        }
    },
    "develop": {
        "iniconfig": {
            "hashes": [
                "sha256:2d91e135bf72d31a410b17c16da610a82cb55f6b0477d1a902134b24a455b8b3",
                "sha256:b6a85871a79d2e3b22d2d1b94ac2824226a63c6b741c88f7ae975f18b6778374"
            ],
            "markers": "python_version >= '3.7'",
            "version": "==2.0.0"
        },
        "packaging": {
            "hashes": [
                "sha256:026ed72c8ed3fcce5bf8950572258698927fd1dbda10a5e981cdf0ac37f4f002",
                "sha256:5b8f2217dbdbd2f7f384c41c628544e6d52f2d0f53c6d0c3ea61aa5d1d7ff124"
            ],
            "markers": "python_version >= '3.8'",
            "version": "==24.1"
        },
        "pluggy": {
            "hashes": [
                "sha256:2cffa88e94fdc978c4c574f15f9e59b7f4201d439195c3715ca9e2486f1d0cf1",
                "sha256:44e1ad92c8ca002de6377e165f3e0f1be63266ab4d554740532335b9d75ea669"
            ],
            "markers": "python_version >= '3.8'",
            "version": "==1.5.0"
        },
        "pytest": {
            "hashes": [
                "sha256:70b98107bd648308a7952b06e6ca9a50bc660be218d53c257cc1fc94fda10181",
                "sha256:a6853c7375b2663155079443d2e45de913a911a11d669df02a50814944db57b2"
            ],
            "index": "pypi",
            "markers": "python_version >= '3.8'",
            "version": "==8.3.3"
        }
    }
}
